{
  "version": "3",
  "packages": {
    "specifiers": {
      "jsr:@lambdaurora/lambdawebserver@^3.0.0": "jsr:@lambdaurora/lambdawebserver@3.0.0",
      "jsr:@lambdaurora/libhtml@^1.0.2": "jsr:@lambdaurora/libhtml@1.0.2",
      "jsr:@luca/esbuild-deno-loader@^0.10.3": "jsr:@luca/esbuild-deno-loader@0.10.3",
      "jsr:@oak/commons@0.10": "jsr:@oak/commons@0.10.1",
      "jsr:@oak/oak@^16.0.0": "jsr:@oak/oak@16.0.0",
      "jsr:@std/assert@0.222": "jsr:@std/assert@0.222.1",
      "jsr:@std/assert@0.223": "jsr:@std/assert@0.223.0",
      "jsr:@std/assert@^0.213.1": "jsr:@std/assert@0.213.1",
      "jsr:@std/assert@^0.222.1": "jsr:@std/assert@0.222.1",
      "jsr:@std/assert@^0.223.0": "jsr:@std/assert@0.223.0",
      "jsr:@std/assert@^0.224.0": "jsr:@std/assert@0.224.0",
      "jsr:@std/assert@^0.225.2": "jsr:@std/assert@0.225.2",
      "jsr:@std/async@^0.224.0": "jsr:@std/async@0.224.0",
      "jsr:@std/bytes@0.222": "jsr:@std/bytes@0.222.1",
      "jsr:@std/bytes@0.223": "jsr:@std/bytes@0.223.0",
      "jsr:@std/bytes@^0.223.0": "jsr:@std/bytes@0.223.0",
      "jsr:@std/cli@^0.224.0": "jsr:@std/cli@0.224.2",
      "jsr:@std/crypto@0.222": "jsr:@std/crypto@0.222.1",
      "jsr:@std/crypto@0.223": "jsr:@std/crypto@0.223.0",
      "jsr:@std/datetime@^0.224.0": "jsr:@std/datetime@0.224.0",
      "jsr:@std/encoding@0.213": "jsr:@std/encoding@0.213.1",
      "jsr:@std/encoding@^0.222.1": "jsr:@std/encoding@0.222.1",
      "jsr:@std/encoding@^0.223.0": "jsr:@std/encoding@0.223.0",
      "jsr:@std/encoding@^0.224.0": "jsr:@std/encoding@0.224.1",
      "jsr:@std/fmt@^0.224.0": "jsr:@std/fmt@0.224.0",
      "jsr:@std/fmt@^0.225.1": "jsr:@std/fmt@0.225.1",
      "jsr:@std/http@0.222": "jsr:@std/http@0.222.1",
      "jsr:@std/http@0.223": "jsr:@std/http@0.223.0",
      "jsr:@std/http@^0.224.0": "jsr:@std/http@0.224.0",
      "jsr:@std/io@0.223": "jsr:@std/io@0.223.0",
      "jsr:@std/jsonc@0.213": "jsr:@std/jsonc@0.213.1",
      "jsr:@std/media-types@0.222": "jsr:@std/media-types@0.222.1",
      "jsr:@std/media-types@0.223": "jsr:@std/media-types@0.223.0",
      "jsr:@std/media-types@^0.224.0": "jsr:@std/media-types@0.224.1",
      "jsr:@std/path@0.213": "jsr:@std/path@0.213.1",
      "jsr:@std/path@0.223": "jsr:@std/path@0.223.0",
      "jsr:@std/path@^0.224.0": "jsr:@std/path@0.224.0",
      "jsr:@std/path@^0.225.1": "jsr:@std/path@0.225.1",
      "jsr:@std/streams@^0.224.0": "jsr:@std/streams@0.224.0",
      "npm:path-to-regexp@6.2.1": "npm:path-to-regexp@6.2.1"
    },
    "jsr": {
      "@lambdaurora/lambdawebserver@3.0.0": {
        "integrity": "968a3bf76c7eb1dc8daa0fee919aad70b8a2ec79c75e1afcc80e41dd1ba5ad9d",
        "dependencies": [
          "jsr:@std/datetime@^0.224.0",
          "jsr:@std/fmt@^0.225.1",
          "jsr:@std/http@^0.224.0",
          "jsr:@std/path@^0.225.1"
        ]
      },
      "@lambdaurora/libhtml@1.0.2": {
        "integrity": "7d0f52e5c3b7e8d232875b1aa54f0272683eb0d9c88fc7365827ac9b3951532e"
      },
      "@luca/esbuild-deno-loader@0.10.3": {
        "integrity": "32fc93f7e7f78060234fd5929a740668aab1c742b808c6048b57f9aaea514921",
        "dependencies": [
          "jsr:@std/encoding@0.213",
          "jsr:@std/jsonc@0.213",
          "jsr:@std/path@0.213"
        ]
      },
      "@oak/commons@0.10.1": {
        "integrity": "4775ebf70782b0c5d95958d85b2425b3fbdff06f57654aa4143dbcb23b923cf4",
        "dependencies": [
          "jsr:@std/assert@0.222",
          "jsr:@std/bytes@0.222",
          "jsr:@std/crypto@0.222",
          "jsr:@std/http@0.222",
          "jsr:@std/media-types@0.222"
        ]
      },
      "@oak/oak@16.0.0": {
        "integrity": "a98756fb4bf69f728c9a5179ff4157620946c5969bcaa3d6bd64cca8b198f74e",
        "dependencies": [
          "jsr:@oak/commons@0.10",
          "jsr:@std/assert@0.223",
          "jsr:@std/bytes@0.223",
          "jsr:@std/crypto@0.223",
          "jsr:@std/http@0.223",
          "jsr:@std/io@0.223",
          "jsr:@std/media-types@0.223",
          "jsr:@std/path@0.223",
          "npm:path-to-regexp@6.2.1"
        ]
      },
      "@std/assert@0.213.1": {
        "integrity": "24c28178b30c8e0782c18e8e94ea72b16282207569cdd10ffb9d1d26f2edebfe"
      },
      "@std/assert@0.222.1": {
        "integrity": "691637161ee584a9919d1f9950ddd1272feb8e0a19e83aa5b7563cedaf73d74c"
      },
      "@std/assert@0.223.0": {
        "integrity": "eb8d6d879d76e1cc431205bd346ed4d88dc051c6366365b1af47034b0670be24"
      },
      "@std/assert@0.224.0": {
        "integrity": "8643233ec7aec38a940a8264a6e3eed9bfa44e7a71cc6b3c8874213ff401967f"
      },
      "@std/assert@0.225.2": {
        "integrity": "6fd566c3ea01654d29c2b633298b7fc7599716336233852eb87e9843658fa192"
      },
      "@std/async@0.224.0": {
        "integrity": "b6da423eeafbd0003fe88d950e069368c6a156f8b5293b7adbd9c8903a8f8d66"
      },
      "@std/bytes@0.222.1": {
        "integrity": "04dbf33e889ed5f9f6a87bc6b6b882dc105fffae6d2b042f832d92d4f34771c0"
      },
      "@std/bytes@0.223.0": {
        "integrity": "84b75052cd8680942c397c2631318772b295019098f40aac5c36cead4cba51a8"
      },
      "@std/cli@0.224.2": {
        "integrity": "be330ce49928db596338b411037b082d8f8f218b34f8095bcad382fb0c3d6b31"
      },
      "@std/crypto@0.222.1": {
        "integrity": "d5b9e6c704fadbcc384cd42c0b603ad4aea710ece0ff26426602681b64fd237c",
        "dependencies": [
          "jsr:@std/assert@^0.222.1"
        ]
      },
      "@std/crypto@0.223.0": {
        "integrity": "1aa9555ff56b09e197ad988ea200f84bc6781fd4fd83f3a156ee44449af93000",
        "dependencies": [
          "jsr:@std/assert@^0.223.0",
          "jsr:@std/encoding@^0.223.0"
        ]
      },
      "@std/datetime@0.224.0": {
        "integrity": "7b2e41f44a241a2205a113d2931c536fa384e79d58298bd133ae003ef06637bb"
      },
      "@std/encoding@0.213.1": {
        "integrity": "fcbb6928713dde941a18ca5db88ca1544d0755ec8fb20fe61e2dc8144b390c62"
      },
      "@std/encoding@0.222.1": {
        "integrity": "fb6c1d38722feebc8d4a5efa3eb2039ecec0d50d053186240484d0c4a4ce1006"
      },
      "@std/encoding@0.223.0": {
        "integrity": "2b5615a75e00337ce113f34cf2f9b8c18182c751a8dcc8b1a2c2fc0e117bef00"
      },
      "@std/encoding@0.224.1": {
        "integrity": "13fbec556c53de1d7bf8c8661ac6d79de7dbc175376ed00e8270369ebc28721f"
      },
      "@std/fmt@0.224.0": {
        "integrity": "e20e9a2312a8b5393272c26191c0a68eda8d2c4b08b046bad1673148f1d69851"
      },
      "@std/fmt@0.225.1": {
        "integrity": "44a8cb375d7344adb3cb0208b85ea0bde7cdc15224c11188c85e733834ffe356"
      },
      "@std/http@0.222.1": {
        "integrity": "a3c731ec6040927aa37d8378b9e6b467e2e3068c1f97838a6e79ee3bdc103521",
        "dependencies": [
          "jsr:@std/encoding@^0.222.1"
        ]
      },
      "@std/http@0.223.0": {
        "integrity": "15ab8a0c5a7e9d5be017a15b01600f20f66602ceec48b378939fa24fcec522aa",
        "dependencies": [
          "jsr:@std/assert@^0.223.0",
          "jsr:@std/encoding@^0.223.0"
        ]
      },
      "@std/http@0.224.0": {
        "integrity": "fde48c9133d1d7bb94c134d8f0f01c1a737e6e3879f52580e9ca92217a011e82",
        "dependencies": [
          "jsr:@std/assert@^0.224.0",
          "jsr:@std/async@^0.224.0",
          "jsr:@std/cli@^0.224.0",
          "jsr:@std/encoding@^0.224.0",
          "jsr:@std/fmt@^0.224.0",
          "jsr:@std/media-types@^0.224.0",
          "jsr:@std/path@^0.224.0",
          "jsr:@std/streams@^0.224.0"
        ]
      },
      "@std/io@0.223.0": {
        "integrity": "2d8c3c2ab3a515619b90da2c6ff5ea7b75a94383259ef4d02116b228393f84f1",
        "dependencies": [
          "jsr:@std/bytes@^0.223.0"
        ]
      },
      "@std/jsonc@0.213.1": {
        "integrity": "5578f21aa583b7eb7317eed077ffcde47b294f1056bdbb9aacec407758637bfe",
        "dependencies": [
          "jsr:@std/assert@^0.213.1"
        ]
      },
      "@std/media-types@0.222.1": {
        "integrity": "147cbd7f29fb4480625ccdad679637f945437f455534049eb7c95977b973a137"
      },
      "@std/media-types@0.223.0": {
        "integrity": "84684680c2eb6bc6d9369c6d6f26a49decaf2c7603ff531862dda575d9d6776e"
      },
      "@std/media-types@0.224.1": {
        "integrity": "9e69a5daed37c5b5c6d3ce4731dc191f80e67f79bed392b0957d1d03b87f11e1"
      },
      "@std/path@0.213.1": {
        "integrity": "f187bf278a172752e02fcbacf6bd78a335ed320d080a7ed3a5a59c3e88abc673",
        "dependencies": [
          "jsr:@std/assert@^0.213.1"
        ]
      },
      "@std/path@0.223.0": {
        "integrity": "593963402d7e6597f5a6e620931661053572c982fc014000459edc1f93cc3989",
        "dependencies": [
          "jsr:@std/assert@^0.223.0"
        ]
      },
      "@std/path@0.224.0": {
        "integrity": "55bca6361e5a6d158b9380e82d4981d82d338ec587de02951e2b7c3a24910ee6"
      },
      "@std/path@0.225.1": {
        "integrity": "8c3220635a73730eb51fe43de9e10b79e2724a5bb8638b9355d35ae012fd9429",
        "dependencies": [
          "jsr:@std/assert@^0.225.2"
        ]
      },
      "@std/streams@0.224.0": {
        "integrity": "9c21feb45113abfc67dd536029624d1792d56dfbb029b8c1baf4ad5a2c35769e"
      }
    },
    "npm": {
      "path-to-regexp@6.2.1": {
        "integrity": "sha512-JLyh7xT1kizaEvcaXOQwOc2/Yhw6KZOvPf1S8401UyLk86CU79LN3vl7ztXGm/pZ+YjoyAJ4rxmHwbkBXJX+yw==",
        "dependencies": {}
      }
    }
  },
  "remote": {
    "https://cdn.jsdelivr.net/npm/emoji-js@3.6.0/lib/emoji.min.js": "37b415412937ff42aeb0e512f63726265307c76124b88df3cb7f0f3d6be8f42f",
    "https://cdn.jsdelivr.net/npm/katex@0.11.1/dist/katex.mjs": "aa306c0a1d15105f8c13dd78d2ea1edc0d9d4b0a229e7364eafe3806df3c9a0f",
    "https://cdn.jsdelivr.net/npm/prismjs@1.24.1/prism.min.js": "81902885bb71061559639e11997bd0da0ca0efccd40b446a6214e07ac833f83c",
    "https://deno.land/x/denoflate@1.2.1/mod.ts": "f5628e44b80b3d80ed525afa2ba0f12408e3849db817d47a883b801f9ce69dd6",
    "https://deno.land/x/denoflate@1.2.1/pkg/denoflate.js": "b9f9ad9457d3f12f28b1fb35c555f57443427f74decb403113d67364e4f2caf4",
    "https://deno.land/x/denoflate@1.2.1/pkg/denoflate_bg.wasm.js": "d581956245407a2115a3d7e8d85a9641c032940a8e810acbd59ca86afd34d44d",
    "https://deno.land/x/esbuild@v0.21.3/mod.js": "7aef5e44ec87cb4ea81a94b56103dae1f1aa73b1865adb030485dd14de11f2c9"
  }
}
